
Microsoft Visual Studio Solution File, Format Version 12.00
# Visual Studio Version 17
VisualStudioVersion = 17.5.33516.290
MinimumVisualStudioVersion = 10.0.40219.1
Project("{9A19103F-16F7-4668-BE54-9A1E7A4F7556}") = "WebApp", "WebApp\WebApp.csproj", "{A5458271-510E-41B2-9EB9-677B66EFD26F}"
EndProject
Project("{9A19103F-16F7-4668-BE54-9A1E7A4F7556}") = "MSQL", "MSQL\MSQL.csproj", "{6FF1B281-859D-4FDC-9C7D-F4BC7D3AE908}"
EndProject
Project("{9A19103F-16F7-4668-BE54-9A1E7A4F7556}") = "BusinessLogic", "Business\BusinessLogic.csproj", "{539123CD-21D0-4CAD-8F46-5D8A02C2C426}"
EndProject
Project("{FAE04EC0-301F-11D3-BF4B-00C04F79EFBC}") = "XML", "XML\XML.csproj", "{42658385-87F8-43BA-A022-A52C00B5743C}"
EndProject
Global
	GlobalSection(SolutionConfigurationPlatforms) = preSolution
		Debug|Any CPU = Debug|Any CPU
		Release|Any CPU = Release|Any CPU
	EndGlobalSection
	GlobalSection(ProjectConfigurationPlatforms) = postSolution
		{A5458271-510E-41B2-9EB9-677B66EFD26F}.Debug|Any CPU.ActiveCfg = Debug|Any CPU
		{A5458271-510E-41B2-9EB9-677B66EFD26F}.Debug|Any CPU.Build.0 = Debug|Any CPU
		{A5458271-510E-41B2-9EB9-677B66EFD26F}.Release|Any CPU.ActiveCfg = Release|Any CPU
		{A5458271-510E-41B2-9EB9-677B66EFD26F}.Release|Any CPU.Build.0 = Release|Any CPU
		{6FF1B281-859D-4FDC-9C7D-F4BC7D3AE908}.Debug|Any CPU.ActiveCfg = Debug|Any CPU
		{6FF1B281-859D-4FDC-9C7D-F4BC7D3AE908}.Debug|Any CPU.Build.0 = Debug|Any CPU
		{6FF1B281-859D-4FDC-9C7D-F4BC7D3AE908}.Release|Any CPU.ActiveCfg = Release|Any CPU
		{6FF1B281-859D-4FDC-9C7D-F4BC7D3AE908}.Release|Any CPU.Build.0 = Release|Any CPU
		{539123CD-21D0-4CAD-8F46-5D8A02C2C426}.Debug|Any CPU.ActiveCfg = Debug|Any CPU
		{539123CD-21D0-4CAD-8F46-5D8A02C2C426}.Debug|Any CPU.Build.0 = Debug|Any CPU
		{539123CD-21D0-4CAD-8F46-5D8A02C2C426}.Release|Any CPU.ActiveCfg = Release|Any CPU
		{539123CD-21D0-4CAD-8F46-5D8A02C2C426}.Release|Any CPU.Build.0 = Release|Any CPU
		{42658385-87F8-43BA-A022-A52C00B5743C}.Debug|Any CPU.ActiveCfg = Debug|Any CPU
		{42658385-87F8-43BA-A022-A52C00B5743C}.Debug|Any CPU.Build.0 = Debug|Any CPU
		{42658385-87F8-43BA-A022-A52C00B5743C}.Release|Any CPU.ActiveCfg = Release|Any CPU
		{42658385-87F8-43BA-A022-A52C00B5743C}.Release|Any CPU.Build.0 = Release|Any CPU
	EndGlobalSection
	GlobalSection(SolutionProperties) = preSolution
		HideSolutionNode = FALSE
	EndGlobalSection
	GlobalSection(ExtensibilityGlobals) = postSolution
		SolutionGuid = {B77CD47C-62C4-4A7A-A82B-C5BBF9211FCE}
	EndGlobalSection
EndGlobal
